
Microsoft Visual Studio Solution File, Format Version 12.00
# Visual Studio Version 17
VisualStudioVersion = 17.14.36121.58 d17.14
MinimumVisualStudioVersion = 10.0.40219.1
Project("{FAE04EC0-301F-11D3-BF4B-00C04F79EFBC}") = "CarInsuranceBot", "CarInsuranceBot\CarInsuranceBot.csproj", "{FD92C243-7520-4722-9543-A6B21130023A}"
EndProject
Global
	GlobalSection(SolutionConfigurationPlatforms) = preSolution
		Debug|Any CPU = Debug|Any CPU
		Release|Any CPU = Release|Any CPU
	EndGlobalSection
	GlobalSection(ProjectConfigurationPlatforms) = postSolution
		{FD92C243-7520-4722-9543-A6B21130023A}.Debug|Any CPU.ActiveCfg = Debug|Any CPU
		{FD92C243-7520-4722-9543-A6B21130023A}.Debug|Any CPU.Build.0 = Debug|Any CPU
		{FD92C243-7520-4722-9543-A6B21130023A}.Release|Any CPU.ActiveCfg = Release|Any CPU
		{FD92C243-7520-4722-9543-A6B21130023A}.Release|Any CPU.Build.0 = Release|Any CPU
	EndGlobalSection
	GlobalSection(SolutionProperties) = preSolution
		HideSolutionNode = FALSE
	EndGlobalSection
	GlobalSection(ExtensibilityGlobals) = postSolution
		SolutionGuid = {FF2845B9-A0EF-4394-BA5A-27B7B9D103FF}
	EndGlobalSection
EndGlobal
